<?xml version="1.0" encoding="UTF-8" standalone="yes" ?>
<CodeBlocks_project_file>
	<FileVersion major="1" minor="6" />
	<Project>
		<Option title="intro" />
		<Option pch_mode="2" />
		<Option compiler="gcc" />
		<Build>
			<Target title="Debug">
				<Option output="bin/Debug/intro" prefix_auto="1" extension_auto="1" />
				<Option object_output="obj/Debug/" />
				<Option type="1" />
				<Option compiler="gcc" />
				<Compiler>
					<Add option="-g" />
				</Compiler>
			</Target>
			<Target title="Release">
				<Option output="bin/Release/intro" prefix_auto="1" extension_auto="1" />
				<Option object_output="obj/Release/" />
				<Option type="0" />
				<Option compiler="gcc" />
				<Compiler>
					<Add option="-O2" />
				</Compiler>
				<Linker>
					<Add option="-s" />
				</Linker>
			</Target>
		</Build>
		<Compiler>
			<Add option="-Wall" />
		</Compiler>
		<Linker>
			<Add library="opengl32" />
			<Add library="glu32" />
			<Add library="gdi32" />
			<Add library="D:/projects/codeblocks/_lib/winmm-7.1a-win32/WinMM.Lib" />
		</Linker>
		<Unit filename="src/client.c">
			<Option compilerVar="CC" />
		</Unit>
		<Unit filename="src/client.h" />
		<Unit filename="src/config/config.h" />
		<Unit filename="src/dat/bayer_horizontal_pixels.h" />
		<Unit filename="src/dat/bayer_vertical_pixels.h" />
		<Unit filename="src/dat/font_meta.h" />
		<Unit filename="src/dat/font_pixels.h" />
		<Unit filename="src/dat/iso_bg_pixels.h" />
		<Unit filename="src/dat/logo_pixels.h" />
		<Unit filename="src/dat/mountains_pixels.h" />
		<Unit filename="src/dat/parallax_text_pixels.h" />
		<Unit filename="src/dat/song_data.h" />
		<Unit filename="src/dat/spritesheet_pixels.h" />
		<Unit filename="src/dat/title_outline_pixels.h" />
		<Unit filename="src/dat/title_outline_pixels_2.h" />
		<Unit filename="src/dat/title_pixels.h" />
		<Unit filename="src/dat/title_pixels_2.h" />
		<Unit filename="src/dat/title_pixels_3.h" />
		<Unit filename="src/dat/trellis_pixels.h" />
		<Unit filename="src/fw/animation.c">
			<Option compilerVar="CC" />
		</Unit>
		<Unit filename="src/fw/animation.h" />
		<Unit filename="src/fw/broadcast.c">
			<Option compilerVar="CC" />
		</Unit>
		<Unit filename="src/fw/broadcast.h" />
		<Unit filename="src/fw/draw.c">
			<Option compilerVar="CC" />
		</Unit>
		<Unit filename="src/fw/draw.h" />
		<Unit filename="src/fw/easing.c">
			<Option compilerVar="CC" />
		</Unit>
		<Unit filename="src/fw/easing.h" />
		<Unit filename="src/fw/file.c">
			<Option compilerVar="CC" />
		</Unit>
		<Unit filename="src/fw/file.h" />
		<Unit filename="src/fw/font.c">
			<Option compilerVar="CC" />
		</Unit>
		<Unit filename="src/fw/font.h" />
		<Unit filename="src/fw/glx.c">
			<Option compilerVar="CC" />
		</Unit>
		<Unit filename="src/fw/glx.h" />
		<Unit filename="src/fw/image.c">
			<Option compilerVar="CC" />
		</Unit>
		<Unit filename="src/fw/image.h" />
		<Unit filename="src/fw/lut.c">
			<Option compilerVar="CC" />
		</Unit>
		<Unit filename="src/fw/lut.h" />
		<Unit filename="src/fw/main.c">
			<Option compilerVar="CC" />
		</Unit>
		<Unit filename="src/fw/math.c">
			<Option compilerVar="CC" />
		</Unit>
		<Unit filename="src/fw/math.h" />
		<Unit filename="src/fw/micromod.c">
			<Option compilerVar="CC" />
		</Unit>
		<Unit filename="src/fw/micromod.h" />
		<Unit filename="src/fw/pixels.c">
			<Option compilerVar="CC" />
		</Unit>
		<Unit filename="src/fw/pixels.h" />
		<Unit filename="src/fw/projection.c">
			<Option compilerVar="CC" />
		</Unit>
		<Unit filename="src/fw/projection.h" />
		<Unit filename="src/fw/quad.c">
			<Option compilerVar="CC" />
		</Unit>
		<Unit filename="src/fw/quad.h" />
		<Unit filename="src/fw/render.c">
			<Option compilerVar="CC" />
		</Unit>
		<Unit filename="src/fw/render.h" />
		<Unit filename="src/fw/sound.c">
			<Option compilerVar="CC" />
		</Unit>
		<Unit filename="src/fw/sound.h" />
		<Unit filename="src/fw/stencil.c">
			<Option compilerVar="CC" />
		</Unit>
		<Unit filename="src/fw/stencil.h" />
		<Unit filename="src/fw/sync.c">
			<Option compilerVar="CC" />
		</Unit>
		<Unit filename="src/fw/sync.h" />
		<Unit filename="src/fw/types.h" />
		<Unit filename="src/fx/anim_text.c">
			<Option compilerVar="CC" />
		</Unit>
		<Unit filename="src/fx/anim_text.h" />
		<Unit filename="src/fx/cylinder_twist.c">
			<Option compilerVar="CC" />
		</Unit>
		<Unit filename="src/fx/cylinder_twist.h" />
		<Unit filename="src/fx/dot_sphere.c">
			<Option compilerVar="CC" />
		</Unit>
		<Unit filename="src/fx/dot_sphere.h" />
		<Unit filename="src/fx/dot_tunnel.c">
			<Option compilerVar="CC" />
		</Unit>
		<Unit filename="src/fx/dot_tunnel.h" />
		<Unit filename="src/fx/endless_grid.c">
			<Option compilerVar="CC" />
		</Unit>
		<Unit filename="src/fx/endless_grid.h" />
		<Unit filename="src/fx/greetings_pseudo_3d.c">
			<Option compilerVar="CC" />
		</Unit>
		<Unit filename="src/fx/greetings_pseudo_3d.h" />
		<Unit filename="src/fx/hextiles.c">
			<Option compilerVar="CC" />
		</Unit>
		<Unit filename="src/fx/hextiles.h" />
		<Unit filename="src/fx/isologo.c">
			<Option compilerVar="CC" />
		</Unit>
		<Unit filename="src/fx/isologo.h" />
		<Unit filename="src/fx/love.c">
			<Option compilerVar="CC" />
		</Unit>
		<Unit filename="src/fx/love.h" />
		<Unit filename="src/fx/overlay.c">
			<Option compilerVar="CC" />
		</Unit>
		<Unit filename="src/fx/overlay.h" />
		<Unit filename="src/fx/text_3d.c">
			<Option compilerVar="CC" />
		</Unit>
		<Unit filename="src/fx/text_3d.h" />
		<Unit filename="src/resource.c">
			<Option compilerVar="CC" />
		</Unit>
		<Unit filename="src/resource.h" />
		<Unit filename="src/scene_0.c">
			<Option compilerVar="CC" />
		</Unit>
		<Unit filename="src/scene_0.h" />
		<Extensions>
			<lib_finder disable_auto="1" />
		</Extensions>
	</Project>
</CodeBlocks_project_file>
